
Microsoft Visual Studio Solution File, Format Version 12.00
# Visual Studio 15
VisualStudioVersion = 15.0.28307.705
MinimumVisualStudioVersion = 10.0.40219.1
Project("{FAE04EC0-301F-11D3-BF4B-00C04F79EFBC}") = "PartPicker", "PartPicker\PartPicker.csproj", "{E6D58EB5-6CCD-4930-8E2D-B5DD950D92C5}"
EndProject
Project("{FAE04EC0-301F-11D3-BF4B-00C04F79EFBC}") = "PartPicker.Tests", "PartPicker.Tests\PartPicker.Tests.csproj", "{30EA831D-DB01-4B4F-AF28-5275D737339E}"
EndProject
Global
	GlobalSection(SolutionConfigurationPlatforms) = preSolution
		Debug|Any CPU = Debug|Any CPU
		Release|Any CPU = Release|Any CPU
	EndGlobalSection
	GlobalSection(ProjectConfigurationPlatforms) = postSolution
		{E6D58EB5-6CCD-4930-8E2D-B5DD950D92C5}.Debug|Any CPU.ActiveCfg = Debug|Any CPU
		{E6D58EB5-6CCD-4930-8E2D-B5DD950D92C5}.Debug|Any CPU.Build.0 = Debug|Any CPU
		{E6D58EB5-6CCD-4930-8E2D-B5DD950D92C5}.Release|Any CPU.ActiveCfg = Release|Any CPU
		{E6D58EB5-6CCD-4930-8E2D-B5DD950D92C5}.Release|Any CPU.Build.0 = Release|Any CPU
		{30EA831D-DB01-4B4F-AF28-5275D737339E}.Debug|Any CPU.ActiveCfg = Debug|Any CPU
		{30EA831D-DB01-4B4F-AF28-5275D737339E}.Debug|Any CPU.Build.0 = Debug|Any CPU
		{30EA831D-DB01-4B4F-AF28-5275D737339E}.Release|Any CPU.ActiveCfg = Release|Any CPU
		{30EA831D-DB01-4B4F-AF28-5275D737339E}.Release|Any CPU.Build.0 = Release|Any CPU
	EndGlobalSection
	GlobalSection(SolutionProperties) = preSolution
		HideSolutionNode = FALSE
	EndGlobalSection
	GlobalSection(ExtensibilityGlobals) = postSolution
		SolutionGuid = {2486F656-549B-4BA1-AAC2-CCE36A0C7B40}
	EndGlobalSection
EndGlobal
